# capa.lock - AUTO-GENERATED by `capa install`. DO NOT EDIT.
# Re-running `capa install` rewrites this file from capa.toml.

[[dependencies]]
name = "capa_jwt"
git = "https://github.com/nelsonduarte/capa_jwt"
pin = "v0.1.0"
pin_kind = "tag"
commit = "39b5cbeb9e605f18f6c91cfd3a0baf7ed4e284a9"
signing_key = "6C1D222D491FB88031E041A536CFB426101AA24B"

[[dependencies]]
name = "capa_uuid"
git = "https://github.com/nelsonduarte/capa_uuid"
pin = "v0.1.0"
pin_kind = "tag"
commit = "1fb00486b1e3cd42012c0c5fdb1bb952929261cc"
signing_key = "6C1D222D491FB88031E041A536CFB426101AA24B"

[[dependencies]]
name = "capa_base64"
git = "https://github.com/nelsonduarte/capa_base64"
pin = "v0.1.0"
pin_kind = "tag"
commit = "dc90c42f6cc2e72a432076881b1f62480ca9fc58"
signing_key = "6C1D222D491FB88031E041A536CFB426101AA24B"

[[dependencies]]
name = "capa_test"
git = "https://github.com/nelsonduarte/capa_test"
pin = "v0.1.0"
pin_kind = "tag"
commit = "511e3cf5c954d4f9a989136f8eb3646bbc008a4b"
signing_key = "6C1D222D491FB88031E041A536CFB426101AA24B"
dev = true
